// !$*UTF8*$!
{
	archiveVersion = 1;
	classes = {
	};
	objectVersion = 46;
	objects = {

/* Begin PBXBuildFile section */
		7505162F18FC91D900964E18 /* Projects.mp3 in Resources */ = {isa = PBXBuildFile; fileRef = 7505162E18FC91D900964E18 /* Projects.mp3 */; };
		7505163118FC922E00964E18 /* TechnicalSkills.mp3 in Resources */ = {isa = PBXBuildFile; fileRef = 7505163018FC922E00964E18 /* TechnicalSkills.mp3 */; };
		7505163318FC927A00964E18 /* AboutMe.mp3 in Resources */ = {isa = PBXBuildFile; fileRef = 7505163218FC927A00964E18 /* AboutMe.mp3 */; };
		7505163518FC92D200964E18 /* EducationalBackground.mp3 in Resources */ = {isa = PBXBuildFile; fileRef = 7505163418FC92D200964E18 /* EducationalBackground.mp3 */; };
		7562B74818F47E0600EAD518 /* DRSectionViewController.m in Sources */ = {isa = PBXBuildFile; fileRef = 7562B74718F47E0600EAD518 /* DRSectionViewController.m */; };
		7562B74B18F4AB6800EAD518 /* DRSectionView.m in Sources */ = {isa = PBXBuildFile; fileRef = 7562B74A18F4AB6800EAD518 /* DRSectionView.m */; };
		7562B75118F4B98300EAD518 /* DRSectionViewScrollView.m in Sources */ = {isa = PBXBuildFile; fileRef = 7562B75018F4B98300EAD518 /* DRSectionViewScrollView.m */; };
		7562B75718F4BBCB00EAD518 /* DRTextContentView.m in Sources */ = {isa = PBXBuildFile; fileRef = 7562B75618F4BBCB00EAD518 /* DRTextContentView.m */; };
		7562B75B18F4BC2800EAD518 /* DRMusicAlbumContentView.m in Sources */ = {isa = PBXBuildFile; fileRef = 7562B75A18F4BC2800EAD518 /* DRMusicAlbumContentView.m */; };
		7562B75E18F4BC4F00EAD518 /* DRAppContentView.m in Sources */ = {isa = PBXBuildFile; fileRef = 7562B75D18F4BC4F00EAD518 /* DRAppContentView.m */; };
		7562B76418F4BC9400EAD518 /* DRImageContentView.m in Sources */ = {isa = PBXBuildFile; fileRef = 7562B76318F4BC9400EAD518 /* DRImageContentView.m */; };
		7565E2F718F7D96800F4CC86 /* DRViewControllerAnimator.m in Sources */ = {isa = PBXBuildFile; fileRef = 7565E2F618F7D96800F4CC86 /* DRViewControllerAnimator.m */; };
		7565E2FB18F7E4C500F4CC86 /* DRSectionViewControllerAnimator.m in Sources */ = {isa = PBXBuildFile; fileRef = 7565E2FA18F7E4C500F4CC86 /* DRSectionViewControllerAnimator.m */; };
		7565E2FE18F8001E00F4CC86 /* DRSectionViewNavigationBar.m in Sources */ = {isa = PBXBuildFile; fileRef = 7565E2FD18F8001E00F4CC86 /* DRSectionViewNavigationBar.m */; };
		7565E30B18F8140900F4CC86 /* DRBlurryImageView.m in Sources */ = {isa = PBXBuildFile; fileRef = 7565E30A18F8140900F4CC86 /* DRBlurryImageView.m */; };
		7565E30E18F8199300F4CC86 /* DRBlurryWindow.m in Sources */ = {isa = PBXBuildFile; fileRef = 7565E30D18F8199300F4CC86 /* DRBlurryWindow.m */; };
		7565E31118F841AF00F4CC86 /* UIImage+ImageWithColor.m in Sources */ = {isa = PBXBuildFile; fileRef = 7565E31018F841AF00F4CC86 /* UIImage+ImageWithColor.m */; };
		7565E31418F8755900F4CC86 /* DRNavigationItem.m in Sources */ = {isa = PBXBuildFile; fileRef = 7565E31318F8755900F4CC86 /* DRNavigationItem.m */; };
		758766AE18EDE8130039F3EA /* DRMainViewController.m in Sources */ = {isa = PBXBuildFile; fileRef = 758766AD18EDE8130039F3EA /* DRMainViewController.m */; };
		758766C618EDE8ED0039F3EA /* MASCompositeConstraint.m in Sources */ = {isa = PBXBuildFile; fileRef = 758766B118EDE8ED0039F3EA /* MASCompositeConstraint.m */; };
		758766C718EDE8ED0039F3EA /* MASConstraint.m in Sources */ = {isa = PBXBuildFile; fileRef = 758766B318EDE8ED0039F3EA /* MASConstraint.m */; };
		758766C818EDE8ED0039F3EA /* MASConstraintMaker.m in Sources */ = {isa = PBXBuildFile; fileRef = 758766B518EDE8ED0039F3EA /* MASConstraintMaker.m */; };
		758766C918EDE8ED0039F3EA /* MASLayoutConstraint.m in Sources */ = {isa = PBXBuildFile; fileRef = 758766B718EDE8ED0039F3EA /* MASLayoutConstraint.m */; };
		758766CA18EDE8ED0039F3EA /* MASViewAttribute.m in Sources */ = {isa = PBXBuildFile; fileRef = 758766BB18EDE8ED0039F3EA /* MASViewAttribute.m */; };
		758766CB18EDE8ED0039F3EA /* MASViewConstraint.m in Sources */ = {isa = PBXBuildFile; fileRef = 758766BD18EDE8ED0039F3EA /* MASViewConstraint.m */; };
		758766CC18EDE8ED0039F3EA /* NSArray+MASAdditions.m in Sources */ = {isa = PBXBuildFile; fileRef = 758766BF18EDE8ED0039F3EA /* NSArray+MASAdditions.m */; };
		758766CD18EDE8ED0039F3EA /* NSLayoutConstraint+MASDebugAdditions.m in Sources */ = {isa = PBXBuildFile; fileRef = 758766C218EDE8ED0039F3EA /* NSLayoutConstraint+MASDebugAdditions.m */; };
		758766CE18EDE8ED0039F3EA /* View+MASAdditions.m in Sources */ = {isa = PBXBuildFile; fileRef = 758766C418EDE8ED0039F3EA /* View+MASAdditions.m */; };
		758766DB18EDFA1D0039F3EA /* DRCircularImageView.m in Sources */ = {isa = PBXBuildFile; fileRef = 758766DA18EDFA1D0039F3EA /* DRCircularImageView.m */; };
		758766DE18EDFF6A0039F3EA /* UIView+MotionEffects.m in Sources */ = {isa = PBXBuildFile; fileRef = 758766DD18EDFF6A0039F3EA /* UIView+MotionEffects.m */; };
		758766F318F0905C0039F3EA /* DRMainView.m in Sources */ = {isa = PBXBuildFile; fileRef = 758766F218F0905C0039F3EA /* DRMainView.m */; };
		758766FB18F097850039F3EA /* UIImage+ImageEffects.m in Sources */ = {isa = PBXBuildFile; fileRef = 758766FA18F097850039F3EA /* UIImage+ImageEffects.m */; };
		758766FE18F0AB7D0039F3EA /* UIView+Shadow.m in Sources */ = {isa = PBXBuildFile; fileRef = 758766FD18F0AB7D0039F3EA /* UIView+Shadow.m */; };
		75AB4E6718F897BB00731A74 /* AVFoundation.framework in Frameworks */ = {isa = PBXBuildFile; fileRef = 75AB4E6618F897BB00731A74 /* AVFoundation.framework */; };
		75AB4E6A18F897D500731A74 /* DRAudioPlayer.m in Sources */ = {isa = PBXBuildFile; fileRef = 75AB4E6918F897D500731A74 /* DRAudioPlayer.m */; };
		75AB4E7018F89F4900731A74 /* JPSDisplayLink.m in Sources */ = {isa = PBXBuildFile; fileRef = 75AB4E6F18F89F4900731A74 /* JPSDisplayLink.m */; };
		75AB4E7318F9D16000731A74 /* DRTableViewCell.m in Sources */ = {isa = PBXBuildFile; fileRef = 75AB4E7218F9D16000731A74 /* DRTableViewCell.m */; };
		75AB4E7C18F9ED1D00731A74 /* DRSection.m in Sources */ = {isa = PBXBuildFile; fileRef = 75AB4E7B18F9ED1D00731A74 /* DRSection.m */; };
		75AB4F4C18FB5F0C00731A74 /* DRGitHubRepositoryContentView.m in Sources */ = {isa = PBXBuildFile; fileRef = 75AB4F4B18FB5F0C00731A74 /* DRGitHubRepositoryContentView.m */; };
		75AB4F5118FB750800731A74 /* UIImage+Tint.m in Sources */ = {isa = PBXBuildFile; fileRef = 75AB4F5018FB750800731A74 /* UIImage+Tint.m */; };
		75AB4F5618FC279800731A74 /* DRSectionPlistSerializer.m in Sources */ = {isa = PBXBuildFile; fileRef = 75AB4F5518FC279800731A74 /* DRSectionPlistSerializer.m */; };
		75AB4F5818FC27FE00731A74 /* Sections.plist in Resources */ = {isa = PBXBuildFile; fileRef = 75AB4F5718FC27FE00731A74 /* Sections.plist */; };
		75C4277918FC590500D7739F /* DRButtonContentView.m in Sources */ = {isa = PBXBuildFile; fileRef = 75C4277818FC590500D7739F /* DRButtonContentView.m */; };
		75E2FFAA18EDE71B005752F5 /* Foundation.framework in Frameworks */ = {isa = PBXBuildFile; fileRef = 75E2FFA918EDE71B005752F5 /* Foundation.framework */; };
		75E2FFAC18EDE71B005752F5 /* CoreGraphics.framework in Frameworks */ = {isa = PBXBuildFile; fileRef = 75E2FFAB18EDE71B005752F5 /* CoreGraphics.framework */; };
		75E2FFAE18EDE71B005752F5 /* UIKit.framework in Frameworks */ = {isa = PBXBuildFile; fileRef = 75E2FFAD18EDE71B005752F5 /* UIKit.framework */; };
		75E2FFB418EDE71B005752F5 /* InfoPlist.strings in Resources */ = {isa = PBXBuildFile; fileRef = 75E2FFB218EDE71B005752F5 /* InfoPlist.strings */; };
		75E2FFB618EDE71B005752F5 /* main.m in Sources */ = {isa = PBXBuildFile; fileRef = 75E2FFB518EDE71B005752F5 /* main.m */; };
		75E2FFBA18EDE71B005752F5 /* AppDelegate.m in Sources */ = {isa = PBXBuildFile; fileRef = 75E2FFB918EDE71B005752F5 /* AppDelegate.m */; };
		75E2FFBC18EDE71B005752F5 /* Images.xcassets in Resources */ = {isa = PBXBuildFile; fileRef = 75E2FFBB18EDE71B005752F5 /* Images.xcassets */; };
		75E2FFC318EDE71B005752F5 /* XCTest.framework in Frameworks */ = {isa = PBXBuildFile; fileRef = 75E2FFC218EDE71B005752F5 /* XCTest.framework */; };
		75E2FFC418EDE71B005752F5 /* Foundation.framework in Frameworks */ = {isa = PBXBuildFile; fileRef = 75E2FFA918EDE71B005752F5 /* Foundation.framework */; };
		75E2FFC518EDE71B005752F5 /* UIKit.framework in Frameworks */ = {isa = PBXBuildFile; fileRef = 75E2FFAD18EDE71B005752F5 /* UIKit.framework */; };
		75E2FFCD18EDE71B005752F5 /* InfoPlist.strings in Resources */ = {isa = PBXBuildFile; fileRef = 75E2FFCB18EDE71B005752F5 /* InfoPlist.strings */; };
		75E2FFCF18EDE71B005752F5 /* DavidRomanTests.m in Sources */ = {isa = PBXBuildFile; fileRef = 75E2FFCE18EDE71B005752F5 /* DavidRomanTests.m */; };
/* End PBXBuildFile section */

/* Begin PBXContainerItemProxy section */
		75E2FFC618EDE71B005752F5 /* PBXContainerItemProxy */ = {
			isa = PBXContainerItemProxy;
			containerPortal = 75E2FF9E18EDE71B005752F5 /* Project object */;
			proxyType = 1;
			remoteGlobalIDString = 75E2FFA518EDE71B005752F5;
			remoteInfo = DavidRoman;
		};
/* End PBXContainerItemProxy section */

/* Begin PBXFileReference section */
		7505162E18FC91D900964E18 /* Projects.mp3 */ = {isa = PBXFileReference; lastKnownFileType = audio.mp3; path = Projects.mp3; sourceTree = "<group>"; };
		7505163018FC922E00964E18 /* TechnicalSkills.mp3 */ = {isa = PBXFileReference; lastKnownFileType = audio.mp3; path = TechnicalSkills.mp3; sourceTree = "<group>"; };
		7505163218FC927A00964E18 /* AboutMe.mp3 */ = {isa = PBXFileReference; lastKnownFileType = audio.mp3; path = AboutMe.mp3; sourceTree = "<group>"; };
		7505163418FC92D200964E18 /* EducationalBackground.mp3 */ = {isa = PBXFileReference; lastKnownFileType = audio.mp3; path = EducationalBackground.mp3; sourceTree = "<group>"; };
		7562B74618F47E0600EAD518 /* DRSectionViewController.h */ = {isa = PBXFileReference; fileEncoding = 4; lastKnownFileType = sourcecode.c.h; path = DRSectionViewController.h; sourceTree = "<group>"; };
		7562B74718F47E0600EAD518 /* DRSectionViewController.m */ = {isa = PBXFileReference; fileEncoding = 4; lastKnownFileType = sourcecode.c.objc; path = DRSectionViewController.m; sourceTree = "<group>"; };
		7562B74918F4AB6800EAD518 /* DRSectionView.h */ = {isa = PBXFileReference; fileEncoding = 4; lastKnownFileType = sourcecode.c.h; path = DRSectionView.h; sourceTree = "<group>"; };
		7562B74A18F4AB6800EAD518 /* DRSectionView.m */ = {isa = PBXFileReference; fileEncoding = 4; lastKnownFileType = sourcecode.c.objc; path = DRSectionView.m; sourceTree = "<group>"; };
		7562B74F18F4B98300EAD518 /* DRSectionViewScrollView.h */ = {isa = PBXFileReference; fileEncoding = 4; lastKnownFileType = sourcecode.c.h; path = DRSectionViewScrollView.h; sourceTree = "<group>"; };
		7562B75018F4B98300EAD518 /* DRSectionViewScrollView.m */ = {isa = PBXFileReference; fileEncoding = 4; lastKnownFileType = sourcecode.c.objc; path = DRSectionViewScrollView.m; sourceTree = "<group>"; };
		7562B75518F4BBCB00EAD518 /* DRTextContentView.h */ = {isa = PBXFileReference; fileEncoding = 4; lastKnownFileType = sourcecode.c.h; path = DRTextContentView.h; sourceTree = "<group>"; };
		7562B75618F4BBCB00EAD518 /* DRTextContentView.m */ = {isa = PBXFileReference; fileEncoding = 4; lastKnownFileType = sourcecode.c.objc; path = DRTextContentView.m; sourceTree = "<group>"; };
		7562B75918F4BC2800EAD518 /* DRMusicAlbumContentView.h */ = {isa = PBXFileReference; fileEncoding = 4; lastKnownFileType = sourcecode.c.h; path = DRMusicAlbumContentView.h; sourceTree = "<group>"; };
		7562B75A18F4BC2800EAD518 /* DRMusicAlbumContentView.m */ = {isa = PBXFileReference; fileEncoding = 4; lastKnownFileType = sourcecode.c.objc; path = DRMusicAlbumContentView.m; sourceTree = "<group>"; };
		7562B75C18F4BC4F00EAD518 /* DRAppContentView.h */ = {isa = PBXFileReference; fileEncoding = 4; lastKnownFileType = sourcecode.c.h; path = DRAppContentView.h; sourceTree = "<group>"; };
		7562B75D18F4BC4F00EAD518 /* DRAppContentView.m */ = {isa = PBXFileReference; fileEncoding = 4; lastKnownFileType = sourcecode.c.objc; path = DRAppContentView.m; sourceTree = "<group>"; };
		7562B76218F4BC9400EAD518 /* DRImageContentView.h */ = {isa = PBXFileReference; fileEncoding = 4; lastKnownFileType = sourcecode.c.h; path = DRImageContentView.h; sourceTree = "<group>"; };
		7562B76318F4BC9400EAD518 /* DRImageContentView.m */ = {isa = PBXFileReference; fileEncoding = 4; lastKnownFileType = sourcecode.c.objc; path = DRImageContentView.m; sourceTree = "<group>"; };
		7565E2F518F7D96800F4CC86 /* DRViewControllerAnimator.h */ = {isa = PBXFileReference; fileEncoding = 4; lastKnownFileType = sourcecode.c.h; path = DRViewControllerAnimator.h; sourceTree = "<group>"; };
		7565E2F618F7D96800F4CC86 /* DRViewControllerAnimator.m */ = {isa = PBXFileReference; fileEncoding = 4; lastKnownFileType = sourcecode.c.objc; path = DRViewControllerAnimator.m; sourceTree = "<group>"; };
		7565E2F918F7E4C500F4CC86 /* DRSectionViewControllerAnimator.h */ = {isa = PBXFileReference; fileEncoding = 4; lastKnownFileType = sourcecode.c.h; path = DRSectionViewControllerAnimator.h; sourceTree = "<group>"; };
		7565E2FA18F7E4C500F4CC86 /* DRSectionViewControllerAnimator.m */ = {isa = PBXFileReference; fileEncoding = 4; lastKnownFileType = sourcecode.c.objc; path = DRSectionViewControllerAnimator.m; sourceTree = "<group>"; };
		7565E2FC18F8001E00F4CC86 /* DRSectionViewNavigationBar.h */ = {isa = PBXFileReference; fileEncoding = 4; lastKnownFileType = sourcecode.c.h; path = DRSectionViewNavigationBar.h; sourceTree = "<group>"; };
		7565E2FD18F8001E00F4CC86 /* DRSectionViewNavigationBar.m */ = {isa = PBXFileReference; fileEncoding = 4; lastKnownFileType = sourcecode.c.objc; path = DRSectionViewNavigationBar.m; sourceTree = "<group>"; };
		7565E30918F8140900F4CC86 /* DRBlurryImageView.h */ = {isa = PBXFileReference; fileEncoding = 4; lastKnownFileType = sourcecode.c.h; path = DRBlurryImageView.h; sourceTree = "<group>"; };
		7565E30A18F8140900F4CC86 /* DRBlurryImageView.m */ = {isa = PBXFileReference; fileEncoding = 4; lastKnownFileType = sourcecode.c.objc; path = DRBlurryImageView.m; sourceTree = "<group>"; };
		7565E30C18F8199300F4CC86 /* DRBlurryWindow.h */ = {isa = PBXFileReference; fileEncoding = 4; lastKnownFileType = sourcecode.c.h; path = DRBlurryWindow.h; sourceTree = "<group>"; };
		7565E30D18F8199300F4CC86 /* DRBlurryWindow.m */ = {isa = PBXFileReference; fileEncoding = 4; lastKnownFileType = sourcecode.c.objc; path = DRBlurryWindow.m; sourceTree = "<group>"; };
		7565E30F18F841AF00F4CC86 /* UIImage+ImageWithColor.h */ = {isa = PBXFileReference; fileEncoding = 4; lastKnownFileType = sourcecode.c.h; path = "UIImage+ImageWithColor.h"; sourceTree = "<group>"; };
		7565E31018F841AF00F4CC86 /* UIImage+ImageWithColor.m */ = {isa = PBXFileReference; fileEncoding = 4; lastKnownFileType = sourcecode.c.objc; path = "UIImage+ImageWithColor.m"; sourceTree = "<group>"; };
		7565E31218F8755900F4CC86 /* DRNavigationItem.h */ = {isa = PBXFileReference; fileEncoding = 4; lastKnownFileType = sourcecode.c.h; path = DRNavigationItem.h; sourceTree = "<group>"; };
		7565E31318F8755900F4CC86 /* DRNavigationItem.m */ = {isa = PBXFileReference; fileEncoding = 4; lastKnownFileType = sourcecode.c.objc; path = DRNavigationItem.m; sourceTree = "<group>"; };
		758766AC18EDE8130039F3EA /* DRMainViewController.h */ = {isa = PBXFileReference; fileEncoding = 4; lastKnownFileType = sourcecode.c.h; path = DRMainViewController.h; sourceTree = "<group>"; };
		758766AD18EDE8130039F3EA /* DRMainViewController.m */ = {isa = PBXFileReference; fileEncoding = 4; lastKnownFileType = sourcecode.c.objc; path = DRMainViewController.m; sourceTree = "<group>"; };
		758766B018EDE8ED0039F3EA /* MASCompositeConstraint.h */ = {isa = PBXFileReference; fileEncoding = 4; lastKnownFileType = sourcecode.c.h; path = MASCompositeConstraint.h; sourceTree = "<group>"; };
		758766B118EDE8ED0039F3EA /* MASCompositeConstraint.m */ = {isa = PBXFileReference; fileEncoding = 4; lastKnownFileType = sourcecode.c.objc; path = MASCompositeConstraint.m; sourceTree = "<group>"; };
		758766B218EDE8ED0039F3EA /* MASConstraint.h */ = {isa = PBXFileReference; fileEncoding = 4; lastKnownFileType = sourcecode.c.h; path = MASConstraint.h; sourceTree = "<group>"; };
		758766B318EDE8ED0039F3EA /* MASConstraint.m */ = {isa = PBXFileReference; fileEncoding = 4; lastKnownFileType = sourcecode.c.objc; path = MASConstraint.m; sourceTree = "<group>"; };
		758766B418EDE8ED0039F3EA /* MASConstraintMaker.h */ = {isa = PBXFileReference; fileEncoding = 4; lastKnownFileType = sourcecode.c.h; path = MASConstraintMaker.h; sourceTree = "<group>"; };
		758766B518EDE8ED0039F3EA /* MASConstraintMaker.m */ = {isa = PBXFileReference; fileEncoding = 4; lastKnownFileType = sourcecode.c.objc; path = MASConstraintMaker.m; sourceTree = "<group>"; };
		758766B618EDE8ED0039F3EA /* MASLayoutConstraint.h */ = {isa = PBXFileReference; fileEncoding = 4; lastKnownFileType = sourcecode.c.h; path = MASLayoutConstraint.h; sourceTree = "<group>"; };
		758766B718EDE8ED0039F3EA /* MASLayoutConstraint.m */ = {isa = PBXFileReference; fileEncoding = 4; lastKnownFileType = sourcecode.c.objc; path = MASLayoutConstraint.m; sourceTree = "<group>"; };
		758766B818EDE8ED0039F3EA /* Masonry.h */ = {isa = PBXFileReference; fileEncoding = 4; lastKnownFileType = sourcecode.c.h; path = Masonry.h; sourceTree = "<group>"; };
		758766B918EDE8ED0039F3EA /* MASUtilities.h */ = {isa = PBXFileReference; fileEncoding = 4; lastKnownFileType = sourcecode.c.h; path = MASUtilities.h; sourceTree = "<group>"; };
		758766BA18EDE8ED0039F3EA /* MASViewAttribute.h */ = {isa = PBXFileReference; fileEncoding = 4; lastKnownFileType = sourcecode.c.h; path = MASViewAttribute.h; sourceTree = "<group>"; };
		758766BB18EDE8ED0039F3EA /* MASViewAttribute.m */ = {isa = PBXFileReference; fileEncoding = 4; lastKnownFileType = sourcecode.c.objc; path = MASViewAttribute.m; sourceTree = "<group>"; };
		758766BC18EDE8ED0039F3EA /* MASViewConstraint.h */ = {isa = PBXFileReference; fileEncoding = 4; lastKnownFileType = sourcecode.c.h; path = MASViewConstraint.h; sourceTree = "<group>"; };
		758766BD18EDE8ED0039F3EA /* MASViewConstraint.m */ = {isa = PBXFileReference; fileEncoding = 4; lastKnownFileType = sourcecode.c.objc; path = MASViewConstraint.m; sourceTree = "<group>"; };
		758766BE18EDE8ED0039F3EA /* NSArray+MASAdditions.h */ = {isa = PBXFileReference; fileEncoding = 4; lastKnownFileType = sourcecode.c.h; path = "NSArray+MASAdditions.h"; sourceTree = "<group>"; };
		758766BF18EDE8ED0039F3EA /* NSArray+MASAdditions.m */ = {isa = PBXFileReference; fileEncoding = 4; lastKnownFileType = sourcecode.c.objc; path = "NSArray+MASAdditions.m"; sourceTree = "<group>"; };
		758766C018EDE8ED0039F3EA /* NSArray+MASShorthandAdditions.h */ = {isa = PBXFileReference; fileEncoding = 4; lastKnownFileType = sourcecode.c.h; path = "NSArray+MASShorthandAdditions.h"; sourceTree = "<group>"; };
		758766C118EDE8ED0039F3EA /* NSLayoutConstraint+MASDebugAdditions.h */ = {isa = PBXFileReference; fileEncoding = 4; lastKnownFileType = sourcecode.c.h; path = "NSLayoutConstraint+MASDebugAdditions.h"; sourceTree = "<group>"; };
		758766C218EDE8ED0039F3EA /* NSLayoutConstraint+MASDebugAdditions.m */ = {isa = PBXFileReference; fileEncoding = 4; lastKnownFileType = sourcecode.c.objc; path = "NSLayoutConstraint+MASDebugAdditions.m"; sourceTree = "<group>"; };
		758766C318EDE8ED0039F3EA /* View+MASAdditions.h */ = {isa = PBXFileReference; fileEncoding = 4; lastKnownFileType = sourcecode.c.h; path = "View+MASAdditions.h"; sourceTree = "<group>"; };
		758766C418EDE8ED0039F3EA /* View+MASAdditions.m */ = {isa = PBXFileReference; fileEncoding = 4; lastKnownFileType = sourcecode.c.objc; path = "View+MASAdditions.m"; sourceTree = "<group>"; };
		758766C518EDE8ED0039F3EA /* View+MASShorthandAdditions.h */ = {isa = PBXFileReference; fileEncoding = 4; lastKnownFileType = sourcecode.c.h; path = "View+MASShorthandAdditions.h"; sourceTree = "<group>"; };
		758766D918EDFA1D0039F3EA /* DRCircularImageView.h */ = {isa = PBXFileReference; fileEncoding = 4; lastKnownFileType = sourcecode.c.h; path = DRCircularImageView.h; sourceTree = "<group>"; };
		758766DA18EDFA1D0039F3EA /* DRCircularImageView.m */ = {isa = PBXFileReference; fileEncoding = 4; lastKnownFileType = sourcecode.c.objc; path = DRCircularImageView.m; sourceTree = "<group>"; };
		758766DC18EDFF6A0039F3EA /* UIView+MotionEffects.h */ = {isa = PBXFileReference; fileEncoding = 4; lastKnownFileType = sourcecode.c.h; path = "UIView+MotionEffects.h"; sourceTree = "<group>"; };
		758766DD18EDFF6A0039F3EA /* UIView+MotionEffects.m */ = {isa = PBXFileReference; fileEncoding = 4; lastKnownFileType = sourcecode.c.objc; path = "UIView+MotionEffects.m"; sourceTree = "<group>"; };
		758766F118F0905C0039F3EA /* DRMainView.h */ = {isa = PBXFileReference; fileEncoding = 4; lastKnownFileType = sourcecode.c.h; path = DRMainView.h; sourceTree = "<group>"; };
		758766F218F0905C0039F3EA /* DRMainView.m */ = {isa = PBXFileReference; fileEncoding = 4; lastKnownFileType = sourcecode.c.objc; path = DRMainView.m; sourceTree = "<group>"; };
		758766F918F097850039F3EA /* UIImage+ImageEffects.h */ = {isa = PBXFileReference; fileEncoding = 4; lastKnownFileType = sourcecode.c.h; path = "UIImage+ImageEffects.h"; sourceTree = "<group>"; };
		758766FA18F097850039F3EA /* UIImage+ImageEffects.m */ = {isa = PBXFileReference; fileEncoding = 4; lastKnownFileType = sourcecode.c.objc; path = "UIImage+ImageEffects.m"; sourceTree = "<group>"; };
		758766FC18F0AB7D0039F3EA /* UIView+Shadow.h */ = {isa = PBXFileReference; fileEncoding = 4; lastKnownFileType = sourcecode.c.h; path = "UIView+Shadow.h"; sourceTree = "<group>"; };
		758766FD18F0AB7D0039F3EA /* UIView+Shadow.m */ = {isa = PBXFileReference; fileEncoding = 4; lastKnownFileType = sourcecode.c.objc; path = "UIView+Shadow.m"; sourceTree = "<group>"; };
		75AB4E6618F897BB00731A74 /* AVFoundation.framework */ = {isa = PBXFileReference; lastKnownFileType = wrapper.framework; name = AVFoundation.framework; path = System/Library/Frameworks/AVFoundation.framework; sourceTree = SDKROOT; };
		75AB4E6818F897D500731A74 /* DRAudioPlayer.h */ = {isa = PBXFileReference; fileEncoding = 4; lastKnownFileType = sourcecode.c.h; path = DRAudioPlayer.h; sourceTree = "<group>"; };
		75AB4E6918F897D500731A74 /* DRAudioPlayer.m */ = {isa = PBXFileReference; fileEncoding = 4; lastKnownFileType = sourcecode.c.objc; path = DRAudioPlayer.m; sourceTree = "<group>"; };
		75AB4E6E18F89F4900731A74 /* JPSDisplayLink.h */ = {isa = PBXFileReference; fileEncoding = 4; lastKnownFileType = sourcecode.c.h; path = JPSDisplayLink.h; sourceTree = "<group>"; };
		75AB4E6F18F89F4900731A74 /* JPSDisplayLink.m */ = {isa = PBXFileReference; fileEncoding = 4; lastKnownFileType = sourcecode.c.objc; path = JPSDisplayLink.m; sourceTree = "<group>"; };
		75AB4E7118F9D16000731A74 /* DRTableViewCell.h */ = {isa = PBXFileReference; fileEncoding = 4; lastKnownFileType = sourcecode.c.h; path = DRTableViewCell.h; sourceTree = "<group>"; };
		75AB4E7218F9D16000731A74 /* DRTableViewCell.m */ = {isa = PBXFileReference; fileEncoding = 4; lastKnownFileType = sourcecode.c.objc; path = DRTableViewCell.m; sourceTree = "<group>"; };
		75AB4E7A18F9ED1D00731A74 /* DRSection.h */ = {isa = PBXFileReference; fileEncoding = 4; lastKnownFileType = sourcecode.c.h; path = DRSection.h; sourceTree = "<group>"; };
		75AB4E7B18F9ED1D00731A74 /* DRSection.m */ = {isa = PBXFileReference; fileEncoding = 4; lastKnownFileType = sourcecode.c.objc; path = DRSection.m; sourceTree = "<group>"; };
		75AB4E7D18FA0BFD00731A74 /* DRContentViews.h */ = {isa = PBXFileReference; fileEncoding = 4; lastKnownFileType = sourcecode.c.h; path = DRContentViews.h; sourceTree = "<group>"; };
		75AB4F4A18FB5F0C00731A74 /* DRGitHubRepositoryContentView.h */ = {isa = PBXFileReference; fileEncoding = 4; lastKnownFileType = sourcecode.c.h; path = DRGitHubRepositoryContentView.h; sourceTree = "<group>"; };
		75AB4F4B18FB5F0C00731A74 /* DRGitHubRepositoryContentView.m */ = {isa = PBXFileReference; fileEncoding = 4; lastKnownFileType = sourcecode.c.objc; path = DRGitHubRepositoryContentView.m; sourceTree = "<group>"; };
		75AB4F4F18FB750800731A74 /* UIImage+Tint.h */ = {isa = PBXFileReference; fileEncoding = 4; lastKnownFileType = sourcecode.c.h; path = "UIImage+Tint.h"; sourceTree = "<group>"; };
		75AB4F5018FB750800731A74 /* UIImage+Tint.m */ = {isa = PBXFileReference; fileEncoding = 4; lastKnownFileType = sourcecode.c.objc; path = "UIImage+Tint.m"; sourceTree = "<group>"; };
		75AB4F5418FC279800731A74 /* DRSectionPlistSerializer.h */ = {isa = PBXFileReference; fileEncoding = 4; lastKnownFileType = sourcecode.c.h; path = DRSectionPlistSerializer.h; sourceTree = "<group>"; };
		75AB4F5518FC279800731A74 /* DRSectionPlistSerializer.m */ = {isa = PBXFileReference; fileEncoding = 4; lastKnownFileType = sourcecode.c.objc; path = DRSectionPlistSerializer.m; sourceTree = "<group>"; };
		75AB4F5718FC27FE00731A74 /* Sections.plist */ = {isa = PBXFileReference; fileEncoding = 4; lastKnownFileType = text.plist.xml; path = Sections.plist; sourceTree = "<group>"; };
		75C4277718FC590500D7739F /* DRButtonContentView.h */ = {isa = PBXFileReference; fileEncoding = 4; lastKnownFileType = sourcecode.c.h; path = DRButtonContentView.h; sourceTree = "<group>"; };
		75C4277818FC590500D7739F /* DRButtonContentView.m */ = {isa = PBXFileReference; fileEncoding = 4; lastKnownFileType = sourcecode.c.objc; path = DRButtonContentView.m; sourceTree = "<group>"; };
		75E2FFA618EDE71B005752F5 /* DavidRoman.app */ = {isa = PBXFileReference; explicitFileType = wrapper.application; includeInIndex = 0; path = DavidRoman.app; sourceTree = BUILT_PRODUCTS_DIR; };
		75E2FFA918EDE71B005752F5 /* Foundation.framework */ = {isa = PBXFileReference; lastKnownFileType = wrapper.framework; name = Foundation.framework; path = System/Library/Frameworks/Foundation.framework; sourceTree = SDKROOT; };
		75E2FFAB18EDE71B005752F5 /* CoreGraphics.framework */ = {isa = PBXFileReference; lastKnownFileType = wrapper.framework; name = CoreGraphics.framework; path = System/Library/Frameworks/CoreGraphics.framework; sourceTree = SDKROOT; };
		75E2FFAD18EDE71B005752F5 /* UIKit.framework */ = {isa = PBXFileReference; lastKnownFileType = wrapper.framework; name = UIKit.framework; path = System/Library/Frameworks/UIKit.framework; sourceTree = SDKROOT; };
		75E2FFB118EDE71B005752F5 /* DavidRoman-Info.plist */ = {isa = PBXFileReference; lastKnownFileType = text.plist.xml; path = "DavidRoman-Info.plist"; sourceTree = "<group>"; };
		75E2FFB318EDE71B005752F5 /* en */ = {isa = PBXFileReference; lastKnownFileType = text.plist.strings; name = en; path = en.lproj/InfoPlist.strings; sourceTree = "<group>"; };
		75E2FFB518EDE71B005752F5 /* main.m */ = {isa = PBXFileReference; lastKnownFileType = sourcecode.c.objc; path = main.m; sourceTree = "<group>"; };
		75E2FFB718EDE71B005752F5 /* DavidRoman-Prefix.pch */ = {isa = PBXFileReference; lastKnownFileType = sourcecode.c.h; path = "DavidRoman-Prefix.pch"; sourceTree = "<group>"; };
		75E2FFB818EDE71B005752F5 /* AppDelegate.h */ = {isa = PBXFileReference; lastKnownFileType = sourcecode.c.h; path = AppDelegate.h; sourceTree = "<group>"; };
		75E2FFB918EDE71B005752F5 /* AppDelegate.m */ = {isa = PBXFileReference; lastKnownFileType = sourcecode.c.objc; path = AppDelegate.m; sourceTree = "<group>"; };
		75E2FFBB18EDE71B005752F5 /* Images.xcassets */ = {isa = PBXFileReference; lastKnownFileType = folder.assetcatalog; path = Images.xcassets; sourceTree = "<group>"; };
		75E2FFC118EDE71B005752F5 /* DavidRomanTests.xctest */ = {isa = PBXFileReference; explicitFileType = wrapper.cfbundle; includeInIndex = 0; path = DavidRomanTests.xctest; sourceTree = BUILT_PRODUCTS_DIR; };
		75E2FFC218EDE71B005752F5 /* XCTest.framework */ = {isa = PBXFileReference; lastKnownFileType = wrapper.framework; name = XCTest.framework; path = Library/Frameworks/XCTest.framework; sourceTree = DEVELOPER_DIR; };
		75E2FFCA18EDE71B005752F5 /* DavidRomanTests-Info.plist */ = {isa = PBXFileReference; lastKnownFileType = text.plist.xml; path = "DavidRomanTests-Info.plist"; sourceTree = "<group>"; };
		75E2FFCC18EDE71B005752F5 /* en */ = {isa = PBXFileReference; lastKnownFileType = text.plist.strings; name = en; path = en.lproj/InfoPlist.strings; sourceTree = "<group>"; };
		75E2FFCE18EDE71B005752F5 /* DavidRomanTests.m */ = {isa = PBXFileReference; lastKnownFileType = sourcecode.c.objc; path = DavidRomanTests.m; sourceTree = "<group>"; };
/* End PBXFileReference section */

/* Begin PBXFrameworksBuildPhase section */
		75E2FFA318EDE71B005752F5 /* Frameworks */ = {
			isa = PBXFrameworksBuildPhase;
			buildActionMask = 2147483647;
			files = (
				75AB4E6718F897BB00731A74 /* AVFoundation.framework in Frameworks */,
				75E2FFAC18EDE71B005752F5 /* CoreGraphics.framework in Frameworks */,
				75E2FFAE18EDE71B005752F5 /* UIKit.framework in Frameworks */,
				75E2FFAA18EDE71B005752F5 /* Foundation.framework in Frameworks */,
			);
			runOnlyForDeploymentPostprocessing = 0;
		};
		75E2FFBE18EDE71B005752F5 /* Frameworks */ = {
			isa = PBXFrameworksBuildPhase;
			buildActionMask = 2147483647;
			files = (
				75E2FFC318EDE71B005752F5 /* XCTest.framework in Frameworks */,
				75E2FFC518EDE71B005752F5 /* UIKit.framework in Frameworks */,
				75E2FFC418EDE71B005752F5 /* Foundation.framework in Frameworks */,
			);
			runOnlyForDeploymentPostprocessing = 0;
		};
/* End PBXFrameworksBuildPhase section */

/* Begin PBXGroup section */
		7562B75218F4BA5700EAD518 /* Detail Screen */ = {
			isa = PBXGroup;
			children = (
				7562B74618F47E0600EAD518 /* DRSectionViewController.h */,
				7562B74718F47E0600EAD518 /* DRSectionViewController.m */,
				7565E2F918F7E4C500F4CC86 /* DRSectionViewControllerAnimator.h */,
				7565E2FA18F7E4C500F4CC86 /* DRSectionViewControllerAnimator.m */,
				7562B74918F4AB6800EAD518 /* DRSectionView.h */,
				7562B74A18F4AB6800EAD518 /* DRSectionView.m */,
				7565E2FC18F8001E00F4CC86 /* DRSectionViewNavigationBar.h */,
				7565E2FD18F8001E00F4CC86 /* DRSectionViewNavigationBar.m */,
				7565E31218F8755900F4CC86 /* DRNavigationItem.h */,
				7565E31318F8755900F4CC86 /* DRNavigationItem.m */,
				7562B74F18F4B98300EAD518 /* DRSectionViewScrollView.h */,
				7562B75018F4B98300EAD518 /* DRSectionViewScrollView.m */,
			);
			name = "Detail Screen";
			sourceTree = "<group>";
		};
		7562B75318F4BAA500EAD518 /* Main Screen */ = {
			isa = PBXGroup;
			children = (
				758766AC18EDE8130039F3EA /* DRMainViewController.h */,
				758766AD18EDE8130039F3EA /* DRMainViewController.m */,
				758766F118F0905C0039F3EA /* DRMainView.h */,
				758766F218F0905C0039F3EA /* DRMainView.m */,
				758766D918EDFA1D0039F3EA /* DRCircularImageView.h */,
				758766DA18EDFA1D0039F3EA /* DRCircularImageView.m */,
				75AB4E7118F9D16000731A74 /* DRTableViewCell.h */,
				75AB4E7218F9D16000731A74 /* DRTableViewCell.m */,
			);
			name = "Main Screen";
			sourceTree = "<group>";
		};
		7562B75818F4BBD000EAD518 /* Content Views */ = {
			isa = PBXGroup;
			children = (
				75AB4E7D18FA0BFD00731A74 /* DRContentViews.h */,
				7562B75518F4BBCB00EAD518 /* DRTextContentView.h */,
				7562B75618F4BBCB00EAD518 /* DRTextContentView.m */,
				7562B76218F4BC9400EAD518 /* DRImageContentView.h */,
				7562B76318F4BC9400EAD518 /* DRImageContentView.m */,
				7562B75918F4BC2800EAD518 /* DRMusicAlbumContentView.h */,
				7562B75A18F4BC2800EAD518 /* DRMusicAlbumContentView.m */,
				7562B75C18F4BC4F00EAD518 /* DRAppContentView.h */,
				7562B75D18F4BC4F00EAD518 /* DRAppContentView.m */,
				75AB4F4A18FB5F0C00731A74 /* DRGitHubRepositoryContentView.h */,
				75AB4F4B18FB5F0C00731A74 /* DRGitHubRepositoryContentView.m */,
				75C4277718FC590500D7739F /* DRButtonContentView.h */,
				75C4277818FC590500D7739F /* DRButtonContentView.m */,
			);
			name = "Content Views";
			sourceTree = "<group>";
		};
		7565E2F818F7DC5800F4CC86 /* View Controllers Animation */ = {
			isa = PBXGroup;
			children = (
				7565E2F518F7D96800F4CC86 /* DRViewControllerAnimator.h */,
				7565E2F618F7D96800F4CC86 /* DRViewControllerAnimator.m */,
			);
			name = "View Controllers Animation";
			sourceTree = "<group>";
		};
		758766AF18EDE8E50039F3EA /* Autolayout (Masonry) */ = {
			isa = PBXGroup;
			children = (
				758766B018EDE8ED0039F3EA /* MASCompositeConstraint.h */,
				758766B118EDE8ED0039F3EA /* MASCompositeConstraint.m */,
				758766B218EDE8ED0039F3EA /* MASConstraint.h */,
				758766B318EDE8ED0039F3EA /* MASConstraint.m */,
				758766B418EDE8ED0039F3EA /* MASConstraintMaker.h */,
				758766B518EDE8ED0039F3EA /* MASConstraintMaker.m */,
				758766B618EDE8ED0039F3EA /* MASLayoutConstraint.h */,
				758766B718EDE8ED0039F3EA /* MASLayoutConstraint.m */,
				758766B818EDE8ED0039F3EA /* Masonry.h */,
				758766B918EDE8ED0039F3EA /* MASUtilities.h */,
				758766BA18EDE8ED0039F3EA /* MASViewAttribute.h */,
				758766BB18EDE8ED0039F3EA /* MASViewAttribute.m */,
				758766BC18EDE8ED0039F3EA /* MASViewConstraint.h */,
				758766BD18EDE8ED0039F3EA /* MASViewConstraint.m */,
				758766BE18EDE8ED0039F3EA /* NSArray+MASAdditions.h */,
				758766BF18EDE8ED0039F3EA /* NSArray+MASAdditions.m */,
				758766C018EDE8ED0039F3EA /* NSArray+MASShorthandAdditions.h */,
				758766C118EDE8ED0039F3EA /* NSLayoutConstraint+MASDebugAdditions.h */,
				758766C218EDE8ED0039F3EA /* NSLayoutConstraint+MASDebugAdditions.m */,
				758766C318EDE8ED0039F3EA /* View+MASAdditions.h */,
				758766C418EDE8ED0039F3EA /* View+MASAdditions.m */,
				758766C518EDE8ED0039F3EA /* View+MASShorthandAdditions.h */,
			);
			name = "Autolayout (Masonry)";
			sourceTree = "<group>";
		};
		758766E418F08E950039F3EA /* Helpers */ = {
			isa = PBXGroup;
			children = (
				75AB4F4F18FB750800731A74 /* UIImage+Tint.h */,
				75AB4F5018FB750800731A74 /* UIImage+Tint.m */,
				7565E30F18F841AF00F4CC86 /* UIImage+ImageWithColor.h */,
				7565E31018F841AF00F4CC86 /* UIImage+ImageWithColor.m */,
				758766FC18F0AB7D0039F3EA /* UIView+Shadow.h */,
				758766FD18F0AB7D0039F3EA /* UIView+Shadow.m */,
				758766DC18EDFF6A0039F3EA /* UIView+MotionEffects.h */,
				758766DD18EDFF6A0039F3EA /* UIView+MotionEffects.m */,
				758766F918F097850039F3EA /* UIImage+ImageEffects.h */,
				758766FA18F097850039F3EA /* UIImage+ImageEffects.m */,
			);
			name = Helpers;
			sourceTree = "<group>";
		};
		75AB4E6B18F897F100731A74 /* Audio */ = {
			isa = PBXGroup;
			children = (
				75AB4E6818F897D500731A74 /* DRAudioPlayer.h */,
				75AB4E6918F897D500731A74 /* DRAudioPlayer.m */,
				75AB4E6E18F89F4900731A74 /* JPSDisplayLink.h */,
				75AB4E6F18F89F4900731A74 /* JPSDisplayLink.m */,
				7505163218FC927A00964E18 /* AboutMe.mp3 */,
				7505162E18FC91D900964E18 /* Projects.mp3 */,
				7505163418FC92D200964E18 /* EducationalBackground.mp3 */,
				7505163018FC922E00964E18 /* TechnicalSkills.mp3 */,
			);
			name = Audio;
			sourceTree = "<group>";
		};
		75C4277A18FC5E0B00D7739F /* App Delegate & Window */ = {
			isa = PBXGroup;
			children = (
				75E2FFB818EDE71B005752F5 /* AppDelegate.h */,
				75E2FFB918EDE71B005752F5 /* AppDelegate.m */,
				7565E30C18F8199300F4CC86 /* DRBlurryWindow.h */,
				7565E30D18F8199300F4CC86 /* DRBlurryWindow.m */,
				7565E30918F8140900F4CC86 /* DRBlurryImageView.h */,
				7565E30A18F8140900F4CC86 /* DRBlurryImageView.m */,
			);
			name = "App Delegate & Window";
			sourceTree = "<group>";
		};
		75C4277B18FC5E1800D7739F /* Sections */ = {
			isa = PBXGroup;
			children = (
				75AB4F5718FC27FE00731A74 /* Sections.plist */,
				75AB4E7A18F9ED1D00731A74 /* DRSection.h */,
				75AB4E7B18F9ED1D00731A74 /* DRSection.m */,
				75AB4F5418FC279800731A74 /* DRSectionPlistSerializer.h */,
				75AB4F5518FC279800731A74 /* DRSectionPlistSerializer.m */,
			);
			name = Sections;
			sourceTree = "<group>";
		};
		75E2FF9D18EDE71B005752F5 = {
			isa = PBXGroup;
			children = (
				75E2FFAF18EDE71B005752F5 /* DavidRoman */,
				75E2FFC818EDE71B005752F5 /* DavidRomanTests */,
				75E2FFA818EDE71B005752F5 /* Frameworks */,
				75E2FFA718EDE71B005752F5 /* Products */,
			);
			sourceTree = "<group>";
		};
		75E2FFA718EDE71B005752F5 /* Products */ = {
			isa = PBXGroup;
			children = (
				75E2FFA618EDE71B005752F5 /* DavidRoman.app */,
				75E2FFC118EDE71B005752F5 /* DavidRomanTests.xctest */,
			);
			name = Products;
			sourceTree = "<group>";
		};
		75E2FFA818EDE71B005752F5 /* Frameworks */ = {
			isa = PBXGroup;
			children = (
				75AB4E6618F897BB00731A74 /* AVFoundation.framework */,
				75E2FFA918EDE71B005752F5 /* Foundation.framework */,
				75E2FFAB18EDE71B005752F5 /* CoreGraphics.framework */,
				75E2FFAD18EDE71B005752F5 /* UIKit.framework */,
				75E2FFC218EDE71B005752F5 /* XCTest.framework */,
			);
			name = Frameworks;
			sourceTree = "<group>";
		};
		75E2FFAF18EDE71B005752F5 /* DavidRoman */ = {
			isa = PBXGroup;
			children = (
				75C4277A18FC5E0B00D7739F /* App Delegate & Window */,
				75C4277B18FC5E1800D7739F /* Sections */,
				7562B75818F4BBD000EAD518 /* Content Views */,
				75AB4E6B18F897F100731A74 /* Audio */,
				7562B75318F4BAA500EAD518 /* Main Screen */,
				7565E2F818F7DC5800F4CC86 /* View Controllers Animation */,
				7562B75218F4BA5700EAD518 /* Detail Screen */,
				758766AF18EDE8E50039F3EA /* Autolayout (Masonry) */,
				758766E418F08E950039F3EA /* Helpers */,
				75E2FFB018EDE71B005752F5 /* Supporting Files */,
			);
			path = DavidRoman;
			sourceTree = "<group>";
		};
		75E2FFB018EDE71B005752F5 /* Supporting Files */ = {
			isa = PBXGroup;
			children = (
				75E2FFBB18EDE71B005752F5 /* Images.xcassets */,
				75E2FFB118EDE71B005752F5 /* DavidRoman-Info.plist */,
				75E2FFB218EDE71B005752F5 /* InfoPlist.strings */,
				75E2FFB518EDE71B005752F5 /* main.m */,
				75E2FFB718EDE71B005752F5 /* DavidRoman-Prefix.pch */,
			);
			name = "Supporting Files";
			sourceTree = "<group>";
		};
		75E2FFC818EDE71B005752F5 /* DavidRomanTests */ = {
			isa = PBXGroup;
			children = (
				75E2FFCE18EDE71B005752F5 /* DavidRomanTests.m */,
				75E2FFC918EDE71B005752F5 /* Supporting Files */,
			);
			path = DavidRomanTests;
			sourceTree = "<group>";
		};
		75E2FFC918EDE71B005752F5 /* Supporting Files */ = {
			isa = PBXGroup;
			children = (
				75E2FFCA18EDE71B005752F5 /* DavidRomanTests-Info.plist */,
				75E2FFCB18EDE71B005752F5 /* InfoPlist.strings */,
			);
			name = "Supporting Files";
			sourceTree = "<group>";
		};
/* End PBXGroup section */

/* Begin PBXNativeTarget section */
		75E2FFA518EDE71B005752F5 /* DavidRoman */ = {
			isa = PBXNativeTarget;
			buildConfigurationList = 75E2FFD218EDE71B005752F5 /* Build configuration list for PBXNativeTarget "DavidRoman" */;
			buildPhases = (
				75E2FFA218EDE71B005752F5 /* Sources */,
				75E2FFA318EDE71B005752F5 /* Frameworks */,
				75E2FFA418EDE71B005752F5 /* Resources */,
			);
			buildRules = (
			);
			dependencies = (
			);
			name = DavidRoman;
			productName = DavidRoman;
			productReference = 75E2FFA618EDE71B005752F5 /* DavidRoman.app */;
			productType = "com.apple.product-type.application";
		};
		75E2FFC018EDE71B005752F5 /* DavidRomanTests */ = {
			isa = PBXNativeTarget;
			buildConfigurationList = 75E2FFD518EDE71B005752F5 /* Build configuration list for PBXNativeTarget "DavidRomanTests" */;
			buildPhases = (
				75E2FFBD18EDE71B005752F5 /* Sources */,
				75E2FFBE18EDE71B005752F5 /* Frameworks */,
				75E2FFBF18EDE71B005752F5 /* Resources */,
			);
			buildRules = (
			);
			dependencies = (
				75E2FFC718EDE71B005752F5 /* PBXTargetDependency */,
			);
			name = DavidRomanTests;
			productName = DavidRomanTests;
			productReference = 75E2FFC118EDE71B005752F5 /* DavidRomanTests.xctest */;
			productType = "com.apple.product-type.bundle.unit-test";
		};
/* End PBXNativeTarget section */

/* Begin PBXProject section */
		75E2FF9E18EDE71B005752F5 /* Project object */ = {
			isa = PBXProject;
			attributes = {
				LastUpgradeCheck = 0510;
				ORGANIZATIONNAME = "David Román Aguirre";
				TargetAttributes = {
					75E2FFC018EDE71B005752F5 = {
						TestTargetID = 75E2FFA518EDE71B005752F5;
					};
				};
			};
			buildConfigurationList = 75E2FFA118EDE71B005752F5 /* Build configuration list for PBXProject "DavidRoman" */;
			compatibilityVersion = "Xcode 3.2";
			developmentRegion = English;
			hasScannedForEncodings = 0;
			knownRegions = (
				en,
			);
			mainGroup = 75E2FF9D18EDE71B005752F5;
			productRefGroup = 75E2FFA718EDE71B005752F5 /* Products */;
			projectDirPath = "";
			projectRoot = "";
			targets = (
				75E2FFA518EDE71B005752F5 /* DavidRoman */,
				75E2FFC018EDE71B005752F5 /* DavidRomanTests */,
			);
		};
/* End PBXProject section */

/* Begin PBXResourcesBuildPhase section */
		75E2FFA418EDE71B005752F5 /* Resources */ = {
			isa = PBXResourcesBuildPhase;
			buildActionMask = 2147483647;
			files = (
				75E2FFB418EDE71B005752F5 /* InfoPlist.strings in Resources */,
				7505162F18FC91D900964E18 /* Projects.mp3 in Resources */,
				75AB4F5818FC27FE00731A74 /* Sections.plist in Resources */,
				75E2FFBC18EDE71B005752F5 /* Images.xcassets in Resources */,
				7505163318FC927A00964E18 /* AboutMe.mp3 in Resources */,
				7505163118FC922E00964E18 /* TechnicalSkills.mp3 in Resources */,
				7505163518FC92D200964E18 /* EducationalBackground.mp3 in Resources */,
			);
			runOnlyForDeploymentPostprocessing = 0;
		};
		75E2FFBF18EDE71B005752F5 /* Resources */ = {
			isa = PBXResourcesBuildPhase;
			buildActionMask = 2147483647;
			files = (
				75E2FFCD18EDE71B005752F5 /* InfoPlist.strings in Resources */,
			);
			runOnlyForDeploymentPostprocessing = 0;
		};
/* End PBXResourcesBuildPhase section */

/* Begin PBXSourcesBuildPhase section */
		75E2FFA218EDE71B005752F5 /* Sources */ = {
			isa = PBXSourcesBuildPhase;
			buildActionMask = 2147483647;
			files = (
				758766CD18EDE8ED0039F3EA /* NSLayoutConstraint+MASDebugAdditions.m in Sources */,
				758766DE18EDFF6A0039F3EA /* UIView+MotionEffects.m in Sources */,
				758766CB18EDE8ED0039F3EA /* MASViewConstraint.m in Sources */,
				7562B75B18F4BC2800EAD518 /* DRMusicAlbumContentView.m in Sources */,
				7562B75118F4B98300EAD518 /* DRSectionViewScrollView.m in Sources */,
				75AB4F4C18FB5F0C00731A74 /* DRGitHubRepositoryContentView.m in Sources */,
				7565E30B18F8140900F4CC86 /* DRBlurryImageView.m in Sources */,
				7562B74818F47E0600EAD518 /* DRSectionViewController.m in Sources */,
				75AB4E7018F89F4900731A74 /* JPSDisplayLink.m in Sources */,
				758766C618EDE8ED0039F3EA /* MASCompositeConstraint.m in Sources */,
				758766CC18EDE8ED0039F3EA /* NSArray+MASAdditions.m in Sources */,
				7565E31418F8755900F4CC86 /* DRNavigationItem.m in Sources */,
				75E2FFBA18EDE71B005752F5 /* AppDelegate.m in Sources */,
				75AB4E7C18F9ED1D00731A74 /* DRSection.m in Sources */,
				75AB4E7318F9D16000731A74 /* DRTableViewCell.m in Sources */,
				758766AE18EDE8130039F3EA /* DRMainViewController.m in Sources */,
				758766C918EDE8ED0039F3EA /* MASLayoutConstraint.m in Sources */,
				75AB4E6A18F897D500731A74 /* DRAudioPlayer.m in Sources */,
				75E2FFB618EDE71B005752F5 /* main.m in Sources */,
				758766DB18EDFA1D0039F3EA /* DRCircularImageView.m in Sources */,
				7565E2FB18F7E4C500F4CC86 /* DRSectionViewControllerAnimator.m in Sources */,
				758766CE18EDE8ED0039F3EA /* View+MASAdditions.m in Sources */,
				75AB4F5618FC279800731A74 /* DRSectionPlistSerializer.m in Sources */,
				758766CA18EDE8ED0039F3EA /* MASViewAttribute.m in Sources */,
				758766C718EDE8ED0039F3EA /* MASConstraint.m in Sources */,
				75AB4F5118FB750800731A74 /* UIImage+Tint.m in Sources */,
				758766FE18F0AB7D0039F3EA /* UIView+Shadow.m in Sources */,
				7562B75E18F4BC4F00EAD518 /* DRAppContentView.m in Sources */,
				7565E31118F841AF00F4CC86 /* UIImage+ImageWithColor.m in Sources */,
				7565E2F718F7D96800F4CC86 /* DRViewControllerAnimator.m in Sources */,
				7562B76418F4BC9400EAD518 /* DRImageContentView.m in Sources */,
				7565E30E18F8199300F4CC86 /* DRBlurryWindow.m in Sources */,
				7562B75718F4BBCB00EAD518 /* DRTextContentView.m in Sources */,
				7562B74B18F4AB6800EAD518 /* DRSectionView.m in Sources */,
				758766C818EDE8ED0039F3EA /* MASConstraintMaker.m in Sources */,
				7565E2FE18F8001E00F4CC86 /* DRSectionViewNavigationBar.m in Sources */,
				758766F318F0905C0039F3EA /* DRMainView.m in Sources */,
				75C4277918FC590500D7739F /* DRButtonContentView.m in Sources */,
				758766FB18F097850039F3EA /* UIImage+ImageEffects.m in Sources */,
			);
			runOnlyForDeploymentPostprocessing = 0;
		};
		75E2FFBD18EDE71B005752F5 /* Sources */ = {
			isa = PBXSourcesBuildPhase;
			buildActionMask = 2147483647;
			files = (
				75E2FFCF18EDE71B005752F5 /* DavidRomanTests.m in Sources */,
			);
			runOnlyForDeploymentPostprocessing = 0;
		};
/* End PBXSourcesBuildPhase section */

/* Begin PBXTargetDependency section */
		75E2FFC718EDE71B005752F5 /* PBXTargetDependency */ = {
			isa = PBXTargetDependency;
			target = 75E2FFA518EDE71B005752F5 /* DavidRoman */;
			targetProxy = 75E2FFC618EDE71B005752F5 /* PBXContainerItemProxy */;
		};
/* End PBXTargetDependency section */

/* Begin PBXVariantGroup section */
		75E2FFB218EDE71B005752F5 /* InfoPlist.strings */ = {
			isa = PBXVariantGroup;
			children = (
				75E2FFB318EDE71B005752F5 /* en */,
			);
			name = InfoPlist.strings;
			sourceTree = "<group>";
		};
		75E2FFCB18EDE71B005752F5 /* InfoPlist.strings */ = {
			isa = PBXVariantGroup;
			children = (
				75E2FFCC18EDE71B005752F5 /* en */,
			);
			name = InfoPlist.strings;
			sourceTree = "<group>";
		};
/* End PBXVariantGroup section */

/* Begin XCBuildConfiguration section */
		75E2FFD018EDE71B005752F5 /* Debug */ = {
			isa = XCBuildConfiguration;
			buildSettings = {
				ALWAYS_SEARCH_USER_PATHS = NO;
				CLANG_CXX_LANGUAGE_STANDARD = "gnu++0x";
				CLANG_CXX_LIBRARY = "libc++";
				CLANG_ENABLE_MODULES = YES;
				CLANG_ENABLE_OBJC_ARC = YES;
				CLANG_WARN_BOOL_CONVERSION = YES;
				CLANG_WARN_CONSTANT_CONVERSION = YES;
				CLANG_WARN_DIRECT_OBJC_ISA_USAGE = YES_ERROR;
				CLANG_WARN_EMPTY_BODY = YES;
				CLANG_WARN_ENUM_CONVERSION = YES;
				CLANG_WARN_INT_CONVERSION = YES;
				CLANG_WARN_OBJC_ROOT_CLASS = YES_ERROR;
				CLANG_WARN__DUPLICATE_METHOD_MATCH = YES;
				"CODE_SIGN_IDENTITY[sdk=iphoneos*]" = "iPhone Developer";
				COPY_PHASE_STRIP = NO;
				GCC_C_LANGUAGE_STANDARD = gnu99;
				GCC_DYNAMIC_NO_PIC = NO;
				GCC_OPTIMIZATION_LEVEL = 0;
				GCC_PREPROCESSOR_DEFINITIONS = (
					"DEBUG=1",
					"$(inherited)",
				);
				GCC_SYMBOLS_PRIVATE_EXTERN = NO;
				GCC_WARN_64_TO_32_BIT_CONVERSION = YES;
				GCC_WARN_ABOUT_RETURN_TYPE = YES_ERROR;
				GCC_WARN_UNDECLARED_SELECTOR = YES;
				GCC_WARN_UNINITIALIZED_AUTOS = YES_AGGRESSIVE;
				GCC_WARN_UNUSED_FUNCTION = YES;
				GCC_WARN_UNUSED_VARIABLE = YES;
				IPHONEOS_DEPLOYMENT_TARGET = 7.1;
				ONLY_ACTIVE_ARCH = YES;
				SDKROOT = iphoneos;
				TARGETED_DEVICE_FAMILY = "1,2";
			};
			name = Debug;
		};
		75E2FFD118EDE71B005752F5 /* Release */ = {
			isa = XCBuildConfiguration;
			buildSettings = {
				ALWAYS_SEARCH_USER_PATHS = NO;
				CLANG_CXX_LANGUAGE_STANDARD = "gnu++0x";
				CLANG_CXX_LIBRARY = "libc++";
				CLANG_ENABLE_MODULES = YES;
				CLANG_ENABLE_OBJC_ARC = YES;
				CLANG_WARN_BOOL_CONVERSION = YES;
				CLANG_WARN_CONSTANT_CONVERSION = YES;
				CLANG_WARN_DIRECT_OBJC_ISA_USAGE = YES_ERROR;
				CLANG_WARN_EMPTY_BODY = YES;
				CLANG_WARN_ENUM_CONVERSION = YES;
				CLANG_WARN_INT_CONVERSION = YES;
				CLANG_WARN_OBJC_ROOT_CLASS = YES_ERROR;
				CLANG_WARN__DUPLICATE_METHOD_MATCH = YES;
				"CODE_SIGN_IDENTITY[sdk=iphoneos*]" = "iPhone Developer";
				COPY_PHASE_STRIP = YES;
				ENABLE_NS_ASSERTIONS = NO;
				GCC_C_LANGUAGE_STANDARD = gnu99;
				GCC_WARN_64_TO_32_BIT_CONVERSION = YES;
				GCC_WARN_ABOUT_RETURN_TYPE = YES_ERROR;
				GCC_WARN_UNDECLARED_SELECTOR = YES;
				GCC_WARN_UNINITIALIZED_AUTOS = YES_AGGRESSIVE;
				GCC_WARN_UNUSED_FUNCTION = YES;
				GCC_WARN_UNUSED_VARIABLE = YES;
				IPHONEOS_DEPLOYMENT_TARGET = 7.1;
				SDKROOT = iphoneos;
				TARGETED_DEVICE_FAMILY = "1,2";
				VALIDATE_PRODUCT = YES;
			};
			name = Release;
		};
		75E2FFD318EDE71B005752F5 /* Debug */ = {
			isa = XCBuildConfiguration;
			buildSettings = {
				ASSETCATALOG_COMPILER_APPICON_NAME = AppIcon;
				ASSETCATALOG_COMPILER_LAUNCHIMAGE_NAME = LaunchImage;
				GCC_PRECOMPILE_PREFIX_HEADER = YES;
				GCC_PREFIX_HEADER = "DavidRoman/DavidRoman-Prefix.pch";
				INFOPLIST_FILE = "DavidRoman/DavidRoman-Info.plist";
				PRODUCT_NAME = "$(TARGET_NAME)";
				WRAPPER_EXTENSION = app;
			};
			name = Debug;
		};
		75E2FFD418EDE71B005752F5 /* Release */ = {
			isa = XCBuildConfiguration;
			buildSettings = {
				ASSETCATALOG_COMPILER_APPICON_NAME = AppIcon;
				ASSETCATALOG_COMPILER_LAUNCHIMAGE_NAME = LaunchImage;
				GCC_PRECOMPILE_PREFIX_HEADER = YES;
				GCC_PREFIX_HEADER = "DavidRoman/DavidRoman-Prefix.pch";
				INFOPLIST_FILE = "DavidRoman/DavidRoman-Info.plist";
				PRODUCT_NAME = "$(TARGET_NAME)";
				WRAPPER_EXTENSION = app;
			};
			name = Release;
		};
		75E2FFD618EDE71B005752F5 /* Debug */ = {
			isa = XCBuildConfiguration;
			buildSettings = {
				BUNDLE_LOADER = "$(BUILT_PRODUCTS_DIR)/DavidRoman.app/DavidRoman";
				FRAMEWORK_SEARCH_PATHS = (
					"$(SDKROOT)/Developer/Library/Frameworks",
					"$(inherited)",
					"$(DEVELOPER_FRAMEWORKS_DIR)",
				);
				GCC_PRECOMPILE_PREFIX_HEADER = YES;
				GCC_PREFIX_HEADER = "DavidRoman/DavidRoman-Prefix.pch";
				GCC_PREPROCESSOR_DEFINITIONS = (
					"DEBUG=1",
					"$(inherited)",
				);
				INFOPLIST_FILE = "DavidRomanTests/DavidRomanTests-Info.plist";
				PRODUCT_NAME = "$(TARGET_NAME)";
				TEST_HOST = "$(BUNDLE_LOADER)";
				WRAPPER_EXTENSION = xctest;
			};
			name = Debug;
		};
		75E2FFD718EDE71B005752F5 /* Release */ = {
			isa = XCBuildConfiguration;
			buildSettings = {
				BUNDLE_LOADER = "$(BUILT_PRODUCTS_DIR)/DavidRoman.app/DavidRoman";
				FRAMEWORK_SEARCH_PATHS = (
					"$(SDKROOT)/Developer/Library/Frameworks",
					"$(inherited)",
					"$(DEVELOPER_FRAMEWORKS_DIR)",
				);
				GCC_PRECOMPILE_PREFIX_HEADER = YES;
				GCC_PREFIX_HEADER = "DavidRoman/DavidRoman-Prefix.pch";
				INFOPLIST_FILE = "DavidRomanTests/DavidRomanTests-Info.plist";
				PRODUCT_NAME = "$(TARGET_NAME)";
				TEST_HOST = "$(BUNDLE_LOADER)";
				WRAPPER_EXTENSION = xctest;
			};
			name = Release;
		};
/* End XCBuildConfiguration section */

/* Begin XCConfigurationList section */
		75E2FFA118EDE71B005752F5 /* Build configuration list for PBXProject "DavidRoman" */ = {
			isa = XCConfigurationList;
			buildConfigurations = (
				75E2FFD018EDE71B005752F5 /* Debug */,
				75E2FFD118EDE71B005752F5 /* Release */,
			);
			defaultConfigurationIsVisible = 0;
			defaultConfigurationName = Release;
		};
		75E2FFD218EDE71B005752F5 /* Build configuration list for PBXNativeTarget "DavidRoman" */ = {
			isa = XCConfigurationList;
			buildConfigurations = (
				75E2FFD318EDE71B005752F5 /* Debug */,
				75E2FFD418EDE71B005752F5 /* Release */,
			);
			defaultConfigurationIsVisible = 0;
			defaultConfigurationName = Release;
		};
		75E2FFD518EDE71B005752F5 /* Build configuration list for PBXNativeTarget "DavidRomanTests" */ = {
			isa = XCConfigurationList;
			buildConfigurations = (
				75E2FFD618EDE71B005752F5 /* Debug */,
				75E2FFD718EDE71B005752F5 /* Release */,
			);
			defaultConfigurationIsVisible = 0;
			defaultConfigurationName = Release;
		};
/* End XCConfigurationList section */
	};
	rootObject = 75E2FF9E18EDE71B005752F5 /* Project object */;
}
